PODS:
  - AARatingBar (1.2)
  - Alamofire (5.4.1)
  - Moya (14.0.0):
    - Moya/Core (= 14.0.0)
  - Moya/Core (14.0.0):
    - Alamofire (~> 5.0)
  - SDWebImage (5.10.2):
    - SDWebImage/Core (= 5.10.2)
  - SDWebImage/Core (5.10.2)

DEPENDENCIES:
  - AARatingBar
  - Moya (~> 14.0)
  - SDWebImage (~> 5.0)

SPEC REPOS:
  trunk:
    - AARatingBar
    - Alamofire
    - Moya
    - SDWebImage

SPEC CHECKSUMS:
  AARatingBar: dc54d24687ae97688ffdb29738332d0bc5c0c09f
  Alamofire: 2291f7d21ca607c491dd17642e5d40fdcda0e65c
  Moya: 5b45dacb75adb009f97fde91c204c1e565d31916
  SDWebImage: b969dcfc02c40a5da71eac0b03b8f1a0c794a86f

PODFILE CHECKSUM: 248df4f70a777c295b478b8c0e81aa30a7a48aeb

COCOAPODS: 1.10.0
